# This file is automatically generated - do not edit it directly.
# Use https://weblate.rob006.net/projects/flarum/fof-spamblock/ca/ for translation.
# You can read more about the process at https://github.com/rob006-software/flarum-translations/wiki.

fof-spamblock:
  admin:
    permissions:
      spamblock_users_label: 'Marcar l''usuari com a spammer'
  forum:
    user_controls:
      spammer_button: Spammer
      spammer_confirmation: "Estàs segur de que vols? \n• Amagar tot els debats i publicacions de l'usuari \n• [flarum/suspend] Suspendre l'usuari"
